
Microsoft Visual Studio Solution File, Format Version 12.00
# Visual Studio Version 17
VisualStudioVersion = 17.11.35303.130
MinimumVisualStudioVersion = 10.0.40219.1
Project("{888888A0-9F3D-457C-B088-3A5042F75D52}") = "Python Lab", "Python Lab\Python Lab.pyproj", "{EA868D93-AA0C-48E4-A48C-2415416D8B7F}"
EndProject
Global
	GlobalSection(SolutionConfigurationPlatforms) = preSolution
		Debug|Any CPU = Debug|Any CPU
		Release|Any CPU = Release|Any CPU
	EndGlobalSection
	GlobalSection(ProjectConfigurationPlatforms) = postSolution
		{EA868D93-AA0C-48E4-A48C-2415416D8B7F}.Debug|Any CPU.ActiveCfg = Debug|Any CPU
		{EA868D93-AA0C-48E4-A48C-2415416D8B7F}.Release|Any CPU.ActiveCfg = Release|Any CPU
	EndGlobalSection
	GlobalSection(SolutionProperties) = preSolution
		HideSolutionNode = FALSE
	EndGlobalSection
	GlobalSection(ExtensibilityGlobals) = postSolution
		SolutionGuid = {8AFA5B71-2A4B-48D8-B225-080031D1CBBD}
	EndGlobalSection
EndGlobal
